schema: '2.0'
stages:
  stage_name:
    cmd: python src/stage_01_prepare.py --config=configs/config.yaml --params=params.yaml
    deps:
    - path: configs/config.yaml
      md5: cf2c905df1c4a39da97cd5552d4ed33f
      size: 228
    - path: data/data.xml
      md5: a304afb96060aad90176268345e10355
      size: 37891850
    - path: params.yaml
      md5: e3f8fdabac12be58f5aaafca2d49e14b
      size: 69
    - path: src/stage_01_prepare.py
      md5: 428dc6bcf024e720a42f13fa1a55c774
      size: 2205
    - path: src/utils/common.py
      md5: d162961d817182441383bdb0e674e685
      size: 675
    - path: src/utils/data_mgmt.py
      md5: c431995350eb4ed52fc8e93d2cf3e876
      size: 825
    outs:
    - path: artifacts/prepare/test.tsv
      md5: 9f2b8ff712c544d5c5ad96f9d10b79da
      size: 4696767
    - path: artifacts/prepare/train.tsv
      md5: eed82551cdf610ba0f72b1c8bdb2092b
      size: 19214552
  stage_one:
    cmd: python src/stage_01_prepare.py --config=configs/config.yaml --params=params.yaml
    deps:
    - path: configs/config.yaml
      md5: b2c4c0c99691bcba076a486fa2b8d73e
      size: 323
    - path: data/data.xml
      md5: a304afb96060aad90176268345e10355
      size: 37916850
    - path: params.yaml
      md5: 3f41e443d39ebfd6cea2dcee9c48cbd1
      size: 115
    - path: src/stage_01_prepare.py
      md5: 428dc6bcf024e720a42f13fa1a55c774
      size: 2205
    - path: src/utils/common.py
      md5: a23ecd4904f226562eb8f83231a528a4
      size: 957
    - path: src/utils/data_mgmt.py
      md5: c431995350eb4ed52fc8e93d2cf3e876
      size: 825
    outs:
    - path: artifacts/prepare/test.tsv
      md5: 694fea795a1cb843d7813c85f3e16349
      size: 4974555
    - path: artifacts/prepare/train.tsv
      md5: f2df0c7eb5904c4bfc1e310dd55710c5
      size: 18936764
  stage_two:
    cmd: python src/stage_02_featurize.py --config=configs/config.yaml --params=params.yaml
    deps:
    - path: artifacts/prepare/test.tsv
      md5: 694fea795a1cb843d7813c85f3e16349
      size: 4974555
    - path: artifacts/prepare/train.tsv
      md5: f2df0c7eb5904c4bfc1e310dd55710c5
      size: 18936764
    - path: configs/config.yaml
      md5: b2c4c0c99691bcba076a486fa2b8d73e
      size: 323
    - path: params.yaml
      md5: 3f41e443d39ebfd6cea2dcee9c48cbd1
      size: 115
    - path: src/stage_02_featurize.py
      md5: 2d0c0b6961e4525a3a375b3dae24b41d
      size: 3230
    - path: src/utils/common.py
      md5: a23ecd4904f226562eb8f83231a528a4
      size: 957
    - path: src/utils/featurize.py
      md5: f95d04ce4cdad71d6710dcf6220c750d
      size: 570
    outs:
    - path: artifacts/features/test.pkl
      md5: 4adf137cc7b81a60dfd8a9b440b639e5
      size: 2617593
    - path: artifacts/features/train.pkl
      md5: 7c6ae465f1d4af25518770a5c85f3852
      size: 10109093
